
Microsoft Visual Studio Solution File, Format Version 12.00
# Visual Studio Version 17
VisualStudioVersion = 17.14.36202.13 d17.14
MinimumVisualStudioVersion = 10.0.40219.1
Project("{FAE04EC0-301F-11D3-BF4B-00C04F79EFBC}") = "ConsoleApp1", "ConsoleApp1\ConsoleApp1.csproj", "{8E776156-BFC3-4457-A997-68FCE71F814A}"
EndProject
Project("{FAE04EC0-301F-11D3-BF4B-00C04F79EFBC}") = "SemanticKernelDemo", "SemanticKernelDemo\SemanticKernelDemo.csproj", "{C8C6FFEF-AFC7-4454-BA55-0641DC715779}"
EndProject
Global
	GlobalSection(SolutionConfigurationPlatforms) = preSolution
		Debug|Any CPU = Debug|Any CPU
		Release|Any CPU = Release|Any CPU
	EndGlobalSection
	GlobalSection(ProjectConfigurationPlatforms) = postSolution
		{8E776156-BFC3-4457-A997-68FCE71F814A}.Debug|Any CPU.ActiveCfg = Debug|Any CPU
		{8E776156-BFC3-4457-A997-68FCE71F814A}.Debug|Any CPU.Build.0 = Debug|Any CPU
		{8E776156-BFC3-4457-A997-68FCE71F814A}.Release|Any CPU.ActiveCfg = Release|Any CPU
		{8E776156-BFC3-4457-A997-68FCE71F814A}.Release|Any CPU.Build.0 = Release|Any CPU
		{C8C6FFEF-AFC7-4454-BA55-0641DC715779}.Debug|Any CPU.ActiveCfg = Debug|Any CPU
		{C8C6FFEF-AFC7-4454-BA55-0641DC715779}.Debug|Any CPU.Build.0 = Debug|Any CPU
		{C8C6FFEF-AFC7-4454-BA55-0641DC715779}.Release|Any CPU.ActiveCfg = Release|Any CPU
		{C8C6FFEF-AFC7-4454-BA55-0641DC715779}.Release|Any CPU.Build.0 = Release|Any CPU
	EndGlobalSection
	GlobalSection(SolutionProperties) = preSolution
		HideSolutionNode = FALSE
	EndGlobalSection
	GlobalSection(ExtensibilityGlobals) = postSolution
		SolutionGuid = {B719747C-D002-433F-8410-1A3E5E904AC1}
	EndGlobalSection
EndGlobal
